
Microsoft Visual Studio Solution File, Format Version 12.00
# Visual Studio Version 16
VisualStudioVersion = 16.0.32510.428
MinimumVisualStudioVersion = 10.0.40219.1
Project("{9A19103F-16F7-4668-BE54-9A1E7A4F7556}") = "UsandoBeecrowd", "UsandoBeecrowd.csproj", "{F7325813-890E-433C-980A-49751BB1C732}"
EndProject
Project("{9A19103F-16F7-4668-BE54-9A1E7A4F7556}") = "Exerc_1003", "Exerc_1003\Exerc_1003.csproj", "{BA6AF806-72BF-4E53-A855-9F2DE704DC80}"
EndProject
Project("{9A19103F-16F7-4668-BE54-9A1E7A4F7556}") = "Exerc_1002", "Exec_1002\Exerc_1002.csproj", "{35BE89F0-D1F0-4F3C-A98F-1B3E96A23DE6}"
EndProject
Project("{9A19103F-16F7-4668-BE54-9A1E7A4F7556}") = "Exerc_1001", "Exec_1001\Exerc_1001.csproj", "{2EBC1BF8-EBE4-434C-9017-505C79C66F08}"
EndProject
Project("{9A19103F-16F7-4668-BE54-9A1E7A4F7556}") = "Exerc_1004", "Exerc_1004\Exerc_1004.csproj", "{747CD3F1-B043-48B7-A35E-17D612699DEE}"
EndProject
Project("{9A19103F-16F7-4668-BE54-9A1E7A4F7556}") = "Exerc_1005", "Exerc_1005\Exerc_1005.csproj", "{AE2A1B0C-C4C1-49F3-890C-592EC3282A25}"
EndProject
Project("{FAE04EC0-301F-11D3-BF4B-00C04F79EFBC}") = "Exerc_1006", "Exerc_1006\Exerc_1006.csproj", "{5020C4E2-F91B-4800-A95C-3AB0316ABE04}"
EndProject
Project("{FAE04EC0-301F-11D3-BF4B-00C04F79EFBC}") = "Exerc_1007", "Exerc_1007\Exerc_1007.csproj", "{B380045B-DCB3-4625-9976-98F961DEFE59}"
EndProject
Project("{FAE04EC0-301F-11D3-BF4B-00C04F79EFBC}") = "Exerc_1008", "Exerc_1008\Exerc_1008.csproj", "{650E147F-8431-4A09-9CF1-6F915D372437}"
EndProject
Project("{FAE04EC0-301F-11D3-BF4B-00C04F79EFBC}") = "Exerc_1009", "Exerc_1009\Exerc_1009.csproj", "{28D119B1-9220-44C2-8196-BEFE45598DB6}"
EndProject
Project("{FAE04EC0-301F-11D3-BF4B-00C04F79EFBC}") = "Exerc_1010", "Exerc_1010\Exerc_1010.csproj", "{5B5679C6-97E3-45BB-B4CF-8427E6E57192}"
EndProject
Project("{FAE04EC0-301F-11D3-BF4B-00C04F79EFBC}") = "Exerc_1011", "Exerc_1011\Exerc_1011.csproj", "{5DFA419E-1E4A-45AA-819C-D3819A320D9D}"
EndProject
Project("{FAE04EC0-301F-11D3-BF4B-00C04F79EFBC}") = "Exerc_1012", "Exerc_1012\Exerc_1012.csproj", "{48F25AD7-4133-4BBB-8861-CA8FC2181DF9}"
EndProject
Project("{FAE04EC0-301F-11D3-BF4B-00C04F79EFBC}") = "Exerc_1013", "Exerc_1013\Exerc_1013.csproj", "{417F6D59-FDCA-4597-A29C-5D0FDE2CD620}"
EndProject
Project("{FAE04EC0-301F-11D3-BF4B-00C04F79EFBC}") = "Exerc_1014", "Exerc_1014\Exerc_1014.csproj", "{A70B52B0-CF34-4D93-86B1-E84DDB32F8E4}"
EndProject
Project("{FAE04EC0-301F-11D3-BF4B-00C04F79EFBC}") = "Exerc_1015", "Exerc_1015\Exerc_1015.csproj", "{4933956D-64DB-4567-BD83-B18E88194C8F}"
EndProject
Project("{FAE04EC0-301F-11D3-BF4B-00C04F79EFBC}") = "Exerc_1016", "Exerc_1016\Exerc_1016.csproj", "{5E5D51A8-EA41-4D2E-AE35-C2FED79A485D}"
EndProject
Project("{FAE04EC0-301F-11D3-BF4B-00C04F79EFBC}") = "Exerc_1017", "Exerc_1017\Exerc_1017.csproj", "{A2C56660-6FDB-445F-AC30-226874426B4C}"
EndProject
Project("{FAE04EC0-301F-11D3-BF4B-00C04F79EFBC}") = "Exerc_1018", "Exerc_1018\Exerc_1018.csproj", "{C456F0C3-2591-4CC2-974E-6786F7F8366A}"
EndProject
Project("{FAE04EC0-301F-11D3-BF4B-00C04F79EFBC}") = "Exerc_1019", "Exerc_1019\Exerc_1019.csproj", "{37267AA8-B311-4923-BAC3-520AD71FAA7B}"
EndProject
Project("{FAE04EC0-301F-11D3-BF4B-00C04F79EFBC}") = "Exerc_1020", "Exerc_1020\Exerc_1020.csproj", "{980157C7-6339-44DF-A273-FED443115D14}"
EndProject
Project("{FAE04EC0-301F-11D3-BF4B-00C04F79EFBC}") = "Exerc_1021", "..\Exerc_1021\Exerc_1021.csproj", "{9AD8DE86-18D0-4906-9257-D8FFE27FC48B}"
EndProject
Project("{FAE04EC0-301F-11D3-BF4B-00C04F79EFBC}") = "Exerc_1035", "..\Exerc_1035\Exerc_1035.csproj", "{90ABB92D-87E3-4740-BF49-AD0F3DECD1B5}"
EndProject
Project("{FAE04EC0-301F-11D3-BF4B-00C04F79EFBC}") = "Exerc_1036", "..\Exerc_1036\Exerc_1036.csproj", "{8F69C2CE-40FE-48C7-B5A3-BBA1FF0FAE81}"
EndProject
Project("{FAE04EC0-301F-11D3-BF4B-00C04F79EFBC}") = "Exerc_1037", "..\Exerc_1037\Exerc_1037.csproj", "{A0F24D66-9BE0-4E66-A4A7-FF51D846DD3B}"
EndProject
Project("{FAE04EC0-301F-11D3-BF4B-00C04F79EFBC}") = "Exerc_1038", "..\Exerc_1038\Exerc_1038.csproj", "{6D17A528-4E6A-4854-8152-BC89185074F4}"
EndProject
Project("{FAE04EC0-301F-11D3-BF4B-00C04F79EFBC}") = "Exerc_1040", "..\Exerc_1040\Exerc_1040.csproj", "{EF056A29-B160-4604-8533-EBEC8912310D}"
EndProject
Project("{FAE04EC0-301F-11D3-BF4B-00C04F79EFBC}") = "Exerc_1041", "..\Exerc_1041\Exerc_1041.csproj", "{37671853-3B67-4EE2-A097-F7BEB1D10437}"
EndProject
Project("{FAE04EC0-301F-11D3-BF4B-00C04F79EFBC}") = "Exerc_1042", "..\Exerc_1042\Exerc_1042.csproj", "{5B31ABB2-C7CD-4F9F-BC1C-D8CBA5EC9D64}"
EndProject
Project("{FAE04EC0-301F-11D3-BF4B-00C04F79EFBC}") = "Exerc_1043", "..\Exerc_1043\Exerc_1043.csproj", "{660ACDD6-D4F2-493C-92B9-140B2946819D}"
EndProject
Project("{FAE04EC0-301F-11D3-BF4B-00C04F79EFBC}") = "Exerc_1044", "..\Exerc_1044\Exerc_1044.csproj", "{97358662-386F-4AC1-9536-F1B685CF7241}"
EndProject
Project("{FAE04EC0-301F-11D3-BF4B-00C04F79EFBC}") = "Exerc_1045", "..\Exerc_1045\Exerc_1045.csproj", "{D7A99A51-0842-4C00-9D0D-947776CE3F88}"
EndProject
Project("{FAE04EC0-301F-11D3-BF4B-00C04F79EFBC}") = "Exerc_1046", "..\Exerc_1046\Exerc_1046.csproj", "{09199549-A3E2-4EEF-BEF4-10E388EC4089}"
EndProject
Project("{FAE04EC0-301F-11D3-BF4B-00C04F79EFBC}") = "Exerc_1047", "..\Exerc_1047\Exerc_1047.csproj", "{8698A286-2C5F-460C-93F4-8E0EB0A74D42}"
EndProject
Project("{FAE04EC0-301F-11D3-BF4B-00C04F79EFBC}") = "Exerc_1048", "..\Exerc_1048\Exerc_1048.csproj", "{DD708065-DD2B-400E-B0C0-F1FB767F34BA}"
EndProject
Project("{FAE04EC0-301F-11D3-BF4B-00C04F79EFBC}") = "Exerc_1049", "..\Exerc_1049\Exerc_1049.csproj", "{78166FBB-F914-4CB1-B5AC-078EDDF970D9}"
EndProject
Project("{FAE04EC0-301F-11D3-BF4B-00C04F79EFBC}") = "Exerc_1050", "..\Exerc_1050\Exerc_1050.csproj", "{E817165F-D4E5-4049-AA18-8F91E3A88075}"
EndProject
Project("{FAE04EC0-301F-11D3-BF4B-00C04F79EFBC}") = "Exerc_1051", "..\Exerc_1051\Exerc_1051.csproj", "{E2341BD5-8CED-4238-BD36-75891B5E53D1}"
EndProject
Project("{FAE04EC0-301F-11D3-BF4B-00C04F79EFBC}") = "Exerc_1052", "..\Exerc_1052\Exerc_1052.csproj", "{46540C41-E063-435C-9B6F-C3035A430B09}"
EndProject
Project("{FAE04EC0-301F-11D3-BF4B-00C04F79EFBC}") = "Exerc_1059", "..\Exerc_1059\Exerc_1059.csproj", "{4C12FBA2-CF56-4B63-BF82-A966E9B503B6}"
EndProject
Project("{FAE04EC0-301F-11D3-BF4B-00C04F79EFBC}") = "Exerc_1060", "..\Exerc_1060\Exerc_1060.csproj", "{E1DC4540-E98E-4CB0-93D1-F0FEDA83C11E}"
EndProject
Project("{FAE04EC0-301F-11D3-BF4B-00C04F79EFBC}") = "Exerc_1061", "..\Exerc_1061\Exerc_1061.csproj", "{C11554A3-316D-4F2F-8E88-D1E740A3341E}"
EndProject
Project("{FAE04EC0-301F-11D3-BF4B-00C04F79EFBC}") = "Exerc_1064", "..\Exerc_1064\Exerc_1064.csproj", "{6FFC2E45-F612-477A-8A0B-A38C9A66DBDC}"
EndProject
Global
	GlobalSection(SolutionConfigurationPlatforms) = preSolution
		Debug|Any CPU = Debug|Any CPU
		Release|Any CPU = Release|Any CPU
	EndGlobalSection
	GlobalSection(ProjectConfigurationPlatforms) = postSolution
		{F7325813-890E-433C-980A-49751BB1C732}.Debug|Any CPU.ActiveCfg = Debug|Any CPU
		{F7325813-890E-433C-980A-49751BB1C732}.Debug|Any CPU.Build.0 = Debug|Any CPU
		{F7325813-890E-433C-980A-49751BB1C732}.Release|Any CPU.ActiveCfg = Release|Any CPU
		{F7325813-890E-433C-980A-49751BB1C732}.Release|Any CPU.Build.0 = Release|Any CPU
		{BA6AF806-72BF-4E53-A855-9F2DE704DC80}.Debug|Any CPU.ActiveCfg = Debug|Any CPU
		{BA6AF806-72BF-4E53-A855-9F2DE704DC80}.Debug|Any CPU.Build.0 = Debug|Any CPU
		{BA6AF806-72BF-4E53-A855-9F2DE704DC80}.Release|Any CPU.ActiveCfg = Release|Any CPU
		{BA6AF806-72BF-4E53-A855-9F2DE704DC80}.Release|Any CPU.Build.0 = Release|Any CPU
		{35BE89F0-D1F0-4F3C-A98F-1B3E96A23DE6}.Debug|Any CPU.ActiveCfg = Debug|Any CPU
		{35BE89F0-D1F0-4F3C-A98F-1B3E96A23DE6}.Debug|Any CPU.Build.0 = Debug|Any CPU
		{35BE89F0-D1F0-4F3C-A98F-1B3E96A23DE6}.Release|Any CPU.ActiveCfg = Release|Any CPU
		{35BE89F0-D1F0-4F3C-A98F-1B3E96A23DE6}.Release|Any CPU.Build.0 = Release|Any CPU
		{2EBC1BF8-EBE4-434C-9017-505C79C66F08}.Debug|Any CPU.ActiveCfg = Debug|Any CPU
		{2EBC1BF8-EBE4-434C-9017-505C79C66F08}.Debug|Any CPU.Build.0 = Debug|Any CPU
		{2EBC1BF8-EBE4-434C-9017-505C79C66F08}.Release|Any CPU.ActiveCfg = Release|Any CPU
		{2EBC1BF8-EBE4-434C-9017-505C79C66F08}.Release|Any CPU.Build.0 = Release|Any CPU
		{747CD3F1-B043-48B7-A35E-17D612699DEE}.Debug|Any CPU.ActiveCfg = Debug|Any CPU
		{747CD3F1-B043-48B7-A35E-17D612699DEE}.Debug|Any CPU.Build.0 = Debug|Any CPU
		{747CD3F1-B043-48B7-A35E-17D612699DEE}.Release|Any CPU.ActiveCfg = Release|Any CPU
		{747CD3F1-B043-48B7-A35E-17D612699DEE}.Release|Any CPU.Build.0 = Release|Any CPU
		{AE2A1B0C-C4C1-49F3-890C-592EC3282A25}.Debug|Any CPU.ActiveCfg = Debug|Any CPU
		{AE2A1B0C-C4C1-49F3-890C-592EC3282A25}.Debug|Any CPU.Build.0 = Debug|Any CPU
		{AE2A1B0C-C4C1-49F3-890C-592EC3282A25}.Release|Any CPU.ActiveCfg = Release|Any CPU
		{AE2A1B0C-C4C1-49F3-890C-592EC3282A25}.Release|Any CPU.Build.0 = Release|Any CPU
		{5020C4E2-F91B-4800-A95C-3AB0316ABE04}.Debug|Any CPU.ActiveCfg = Debug|Any CPU
		{5020C4E2-F91B-4800-A95C-3AB0316ABE04}.Debug|Any CPU.Build.0 = Debug|Any CPU
		{5020C4E2-F91B-4800-A95C-3AB0316ABE04}.Release|Any CPU.ActiveCfg = Release|Any CPU
		{5020C4E2-F91B-4800-A95C-3AB0316ABE04}.Release|Any CPU.Build.0 = Release|Any CPU
		{B380045B-DCB3-4625-9976-98F961DEFE59}.Debug|Any CPU.ActiveCfg = Debug|Any CPU
		{B380045B-DCB3-4625-9976-98F961DEFE59}.Debug|Any CPU.Build.0 = Debug|Any CPU
		{B380045B-DCB3-4625-9976-98F961DEFE59}.Release|Any CPU.ActiveCfg = Release|Any CPU
		{B380045B-DCB3-4625-9976-98F961DEFE59}.Release|Any CPU.Build.0 = Release|Any CPU
		{650E147F-8431-4A09-9CF1-6F915D372437}.Debug|Any CPU.ActiveCfg = Debug|Any CPU
		{650E147F-8431-4A09-9CF1-6F915D372437}.Debug|Any CPU.Build.0 = Debug|Any CPU
		{650E147F-8431-4A09-9CF1-6F915D372437}.Release|Any CPU.ActiveCfg = Release|Any CPU
		{650E147F-8431-4A09-9CF1-6F915D372437}.Release|Any CPU.Build.0 = Release|Any CPU
		{28D119B1-9220-44C2-8196-BEFE45598DB6}.Debug|Any CPU.ActiveCfg = Debug|Any CPU
		{28D119B1-9220-44C2-8196-BEFE45598DB6}.Debug|Any CPU.Build.0 = Debug|Any CPU
		{28D119B1-9220-44C2-8196-BEFE45598DB6}.Release|Any CPU.ActiveCfg = Release|Any CPU
		{28D119B1-9220-44C2-8196-BEFE45598DB6}.Release|Any CPU.Build.0 = Release|Any CPU
		{5B5679C6-97E3-45BB-B4CF-8427E6E57192}.Debug|Any CPU.ActiveCfg = Debug|Any CPU
		{5B5679C6-97E3-45BB-B4CF-8427E6E57192}.Debug|Any CPU.Build.0 = Debug|Any CPU
		{5B5679C6-97E3-45BB-B4CF-8427E6E57192}.Release|Any CPU.ActiveCfg = Release|Any CPU
		{5B5679C6-97E3-45BB-B4CF-8427E6E57192}.Release|Any CPU.Build.0 = Release|Any CPU
		{5DFA419E-1E4A-45AA-819C-D3819A320D9D}.Debug|Any CPU.ActiveCfg = Debug|Any CPU
		{5DFA419E-1E4A-45AA-819C-D3819A320D9D}.Debug|Any CPU.Build.0 = Debug|Any CPU
		{5DFA419E-1E4A-45AA-819C-D3819A320D9D}.Release|Any CPU.ActiveCfg = Release|Any CPU
		{5DFA419E-1E4A-45AA-819C-D3819A320D9D}.Release|Any CPU.Build.0 = Release|Any CPU
		{48F25AD7-4133-4BBB-8861-CA8FC2181DF9}.Debug|Any CPU.ActiveCfg = Debug|Any CPU
		{48F25AD7-4133-4BBB-8861-CA8FC2181DF9}.Debug|Any CPU.Build.0 = Debug|Any CPU
		{48F25AD7-4133-4BBB-8861-CA8FC2181DF9}.Release|Any CPU.ActiveCfg = Release|Any CPU
		{48F25AD7-4133-4BBB-8861-CA8FC2181DF9}.Release|Any CPU.Build.0 = Release|Any CPU
		{417F6D59-FDCA-4597-A29C-5D0FDE2CD620}.Debug|Any CPU.ActiveCfg = Debug|Any CPU
		{417F6D59-FDCA-4597-A29C-5D0FDE2CD620}.Debug|Any CPU.Build.0 = Debug|Any CPU
		{417F6D59-FDCA-4597-A29C-5D0FDE2CD620}.Release|Any CPU.ActiveCfg = Release|Any CPU
		{417F6D59-FDCA-4597-A29C-5D0FDE2CD620}.Release|Any CPU.Build.0 = Release|Any CPU
		{A70B52B0-CF34-4D93-86B1-E84DDB32F8E4}.Debug|Any CPU.ActiveCfg = Debug|Any CPU
		{A70B52B0-CF34-4D93-86B1-E84DDB32F8E4}.Debug|Any CPU.Build.0 = Debug|Any CPU
		{A70B52B0-CF34-4D93-86B1-E84DDB32F8E4}.Release|Any CPU.ActiveCfg = Release|Any CPU
		{A70B52B0-CF34-4D93-86B1-E84DDB32F8E4}.Release|Any CPU.Build.0 = Release|Any CPU
		{4933956D-64DB-4567-BD83-B18E88194C8F}.Debug|Any CPU.ActiveCfg = Debug|Any CPU
		{4933956D-64DB-4567-BD83-B18E88194C8F}.Debug|Any CPU.Build.0 = Debug|Any CPU
		{4933956D-64DB-4567-BD83-B18E88194C8F}.Release|Any CPU.ActiveCfg = Release|Any CPU
		{4933956D-64DB-4567-BD83-B18E88194C8F}.Release|Any CPU.Build.0 = Release|Any CPU
		{5E5D51A8-EA41-4D2E-AE35-C2FED79A485D}.Debug|Any CPU.ActiveCfg = Debug|Any CPU
		{5E5D51A8-EA41-4D2E-AE35-C2FED79A485D}.Debug|Any CPU.Build.0 = Debug|Any CPU
		{5E5D51A8-EA41-4D2E-AE35-C2FED79A485D}.Release|Any CPU.ActiveCfg = Release|Any CPU
		{5E5D51A8-EA41-4D2E-AE35-C2FED79A485D}.Release|Any CPU.Build.0 = Release|Any CPU
		{A2C56660-6FDB-445F-AC30-226874426B4C}.Debug|Any CPU.ActiveCfg = Debug|Any CPU
		{A2C56660-6FDB-445F-AC30-226874426B4C}.Debug|Any CPU.Build.0 = Debug|Any CPU
		{A2C56660-6FDB-445F-AC30-226874426B4C}.Release|Any CPU.ActiveCfg = Release|Any CPU
		{A2C56660-6FDB-445F-AC30-226874426B4C}.Release|Any CPU.Build.0 = Release|Any CPU
		{C456F0C3-2591-4CC2-974E-6786F7F8366A}.Debug|Any CPU.ActiveCfg = Debug|Any CPU
		{C456F0C3-2591-4CC2-974E-6786F7F8366A}.Debug|Any CPU.Build.0 = Debug|Any CPU
		{C456F0C3-2591-4CC2-974E-6786F7F8366A}.Release|Any CPU.ActiveCfg = Release|Any CPU
		{C456F0C3-2591-4CC2-974E-6786F7F8366A}.Release|Any CPU.Build.0 = Release|Any CPU
		{37267AA8-B311-4923-BAC3-520AD71FAA7B}.Debug|Any CPU.ActiveCfg = Debug|Any CPU
		{37267AA8-B311-4923-BAC3-520AD71FAA7B}.Debug|Any CPU.Build.0 = Debug|Any CPU
		{37267AA8-B311-4923-BAC3-520AD71FAA7B}.Release|Any CPU.ActiveCfg = Release|Any CPU
		{37267AA8-B311-4923-BAC3-520AD71FAA7B}.Release|Any CPU.Build.0 = Release|Any CPU
		{980157C7-6339-44DF-A273-FED443115D14}.Debug|Any CPU.ActiveCfg = Debug|Any CPU
		{980157C7-6339-44DF-A273-FED443115D14}.Debug|Any CPU.Build.0 = Debug|Any CPU
		{980157C7-6339-44DF-A273-FED443115D14}.Release|Any CPU.ActiveCfg = Release|Any CPU
		{980157C7-6339-44DF-A273-FED443115D14}.Release|Any CPU.Build.0 = Release|Any CPU
		{9AD8DE86-18D0-4906-9257-D8FFE27FC48B}.Debug|Any CPU.ActiveCfg = Debug|Any CPU
		{9AD8DE86-18D0-4906-9257-D8FFE27FC48B}.Debug|Any CPU.Build.0 = Debug|Any CPU
		{9AD8DE86-18D0-4906-9257-D8FFE27FC48B}.Release|Any CPU.ActiveCfg = Release|Any CPU
		{9AD8DE86-18D0-4906-9257-D8FFE27FC48B}.Release|Any CPU.Build.0 = Release|Any CPU
		{90ABB92D-87E3-4740-BF49-AD0F3DECD1B5}.Debug|Any CPU.ActiveCfg = Debug|Any CPU
		{90ABB92D-87E3-4740-BF49-AD0F3DECD1B5}.Debug|Any CPU.Build.0 = Debug|Any CPU
		{90ABB92D-87E3-4740-BF49-AD0F3DECD1B5}.Release|Any CPU.ActiveCfg = Release|Any CPU
		{90ABB92D-87E3-4740-BF49-AD0F3DECD1B5}.Release|Any CPU.Build.0 = Release|Any CPU
		{8F69C2CE-40FE-48C7-B5A3-BBA1FF0FAE81}.Debug|Any CPU.ActiveCfg = Debug|Any CPU
		{8F69C2CE-40FE-48C7-B5A3-BBA1FF0FAE81}.Debug|Any CPU.Build.0 = Debug|Any CPU
		{8F69C2CE-40FE-48C7-B5A3-BBA1FF0FAE81}.Release|Any CPU.ActiveCfg = Release|Any CPU
		{8F69C2CE-40FE-48C7-B5A3-BBA1FF0FAE81}.Release|Any CPU.Build.0 = Release|Any CPU
		{A0F24D66-9BE0-4E66-A4A7-FF51D846DD3B}.Debug|Any CPU.ActiveCfg = Debug|Any CPU
		{A0F24D66-9BE0-4E66-A4A7-FF51D846DD3B}.Debug|Any CPU.Build.0 = Debug|Any CPU
		{A0F24D66-9BE0-4E66-A4A7-FF51D846DD3B}.Release|Any CPU.ActiveCfg = Release|Any CPU
		{A0F24D66-9BE0-4E66-A4A7-FF51D846DD3B}.Release|Any CPU.Build.0 = Release|Any CPU
		{6D17A528-4E6A-4854-8152-BC89185074F4}.Debug|Any CPU.ActiveCfg = Debug|Any CPU
		{6D17A528-4E6A-4854-8152-BC89185074F4}.Debug|Any CPU.Build.0 = Debug|Any CPU
		{6D17A528-4E6A-4854-8152-BC89185074F4}.Release|Any CPU.ActiveCfg = Release|Any CPU
		{6D17A528-4E6A-4854-8152-BC89185074F4}.Release|Any CPU.Build.0 = Release|Any CPU
		{EF056A29-B160-4604-8533-EBEC8912310D}.Debug|Any CPU.ActiveCfg = Debug|Any CPU
		{EF056A29-B160-4604-8533-EBEC8912310D}.Debug|Any CPU.Build.0 = Debug|Any CPU
		{EF056A29-B160-4604-8533-EBEC8912310D}.Release|Any CPU.ActiveCfg = Release|Any CPU
		{EF056A29-B160-4604-8533-EBEC8912310D}.Release|Any CPU.Build.0 = Release|Any CPU
		{37671853-3B67-4EE2-A097-F7BEB1D10437}.Debug|Any CPU.ActiveCfg = Debug|Any CPU
		{37671853-3B67-4EE2-A097-F7BEB1D10437}.Debug|Any CPU.Build.0 = Debug|Any CPU
		{37671853-3B67-4EE2-A097-F7BEB1D10437}.Release|Any CPU.ActiveCfg = Release|Any CPU
		{37671853-3B67-4EE2-A097-F7BEB1D10437}.Release|Any CPU.Build.0 = Release|Any CPU
		{5B31ABB2-C7CD-4F9F-BC1C-D8CBA5EC9D64}.Debug|Any CPU.ActiveCfg = Debug|Any CPU
		{5B31ABB2-C7CD-4F9F-BC1C-D8CBA5EC9D64}.Debug|Any CPU.Build.0 = Debug|Any CPU
		{5B31ABB2-C7CD-4F9F-BC1C-D8CBA5EC9D64}.Release|Any CPU.ActiveCfg = Release|Any CPU
		{5B31ABB2-C7CD-4F9F-BC1C-D8CBA5EC9D64}.Release|Any CPU.Build.0 = Release|Any CPU
		{660ACDD6-D4F2-493C-92B9-140B2946819D}.Debug|Any CPU.ActiveCfg = Debug|Any CPU
		{660ACDD6-D4F2-493C-92B9-140B2946819D}.Debug|Any CPU.Build.0 = Debug|Any CPU
		{660ACDD6-D4F2-493C-92B9-140B2946819D}.Release|Any CPU.ActiveCfg = Release|Any CPU
		{660ACDD6-D4F2-493C-92B9-140B2946819D}.Release|Any CPU.Build.0 = Release|Any CPU
		{97358662-386F-4AC1-9536-F1B685CF7241}.Debug|Any CPU.ActiveCfg = Debug|Any CPU
		{97358662-386F-4AC1-9536-F1B685CF7241}.Debug|Any CPU.Build.0 = Debug|Any CPU
		{97358662-386F-4AC1-9536-F1B685CF7241}.Release|Any CPU.ActiveCfg = Release|Any CPU
		{97358662-386F-4AC1-9536-F1B685CF7241}.Release|Any CPU.Build.0 = Release|Any CPU
		{D7A99A51-0842-4C00-9D0D-947776CE3F88}.Debug|Any CPU.ActiveCfg = Debug|Any CPU
		{D7A99A51-0842-4C00-9D0D-947776CE3F88}.Debug|Any CPU.Build.0 = Debug|Any CPU
		{D7A99A51-0842-4C00-9D0D-947776CE3F88}.Release|Any CPU.ActiveCfg = Release|Any CPU
		{D7A99A51-0842-4C00-9D0D-947776CE3F88}.Release|Any CPU.Build.0 = Release|Any CPU
		{09199549-A3E2-4EEF-BEF4-10E388EC4089}.Debug|Any CPU.ActiveCfg = Debug|Any CPU
		{09199549-A3E2-4EEF-BEF4-10E388EC4089}.Debug|Any CPU.Build.0 = Debug|Any CPU
		{09199549-A3E2-4EEF-BEF4-10E388EC4089}.Release|Any CPU.ActiveCfg = Release|Any CPU
		{09199549-A3E2-4EEF-BEF4-10E388EC4089}.Release|Any CPU.Build.0 = Release|Any CPU
		{8698A286-2C5F-460C-93F4-8E0EB0A74D42}.Debug|Any CPU.ActiveCfg = Debug|Any CPU
		{8698A286-2C5F-460C-93F4-8E0EB0A74D42}.Debug|Any CPU.Build.0 = Debug|Any CPU
		{8698A286-2C5F-460C-93F4-8E0EB0A74D42}.Release|Any CPU.ActiveCfg = Release|Any CPU
		{8698A286-2C5F-460C-93F4-8E0EB0A74D42}.Release|Any CPU.Build.0 = Release|Any CPU
		{DD708065-DD2B-400E-B0C0-F1FB767F34BA}.Debug|Any CPU.ActiveCfg = Debug|Any CPU
		{DD708065-DD2B-400E-B0C0-F1FB767F34BA}.Debug|Any CPU.Build.0 = Debug|Any CPU
		{DD708065-DD2B-400E-B0C0-F1FB767F34BA}.Release|Any CPU.ActiveCfg = Release|Any CPU
		{DD708065-DD2B-400E-B0C0-F1FB767F34BA}.Release|Any CPU.Build.0 = Release|Any CPU
		{78166FBB-F914-4CB1-B5AC-078EDDF970D9}.Debug|Any CPU.ActiveCfg = Debug|Any CPU
		{78166FBB-F914-4CB1-B5AC-078EDDF970D9}.Debug|Any CPU.Build.0 = Debug|Any CPU
		{78166FBB-F914-4CB1-B5AC-078EDDF970D9}.Release|Any CPU.ActiveCfg = Release|Any CPU
		{78166FBB-F914-4CB1-B5AC-078EDDF970D9}.Release|Any CPU.Build.0 = Release|Any CPU
		{E817165F-D4E5-4049-AA18-8F91E3A88075}.Debug|Any CPU.ActiveCfg = Debug|Any CPU
		{E817165F-D4E5-4049-AA18-8F91E3A88075}.Debug|Any CPU.Build.0 = Debug|Any CPU
		{E817165F-D4E5-4049-AA18-8F91E3A88075}.Release|Any CPU.ActiveCfg = Release|Any CPU
		{E817165F-D4E5-4049-AA18-8F91E3A88075}.Release|Any CPU.Build.0 = Release|Any CPU
		{E2341BD5-8CED-4238-BD36-75891B5E53D1}.Debug|Any CPU.ActiveCfg = Debug|Any CPU
		{E2341BD5-8CED-4238-BD36-75891B5E53D1}.Debug|Any CPU.Build.0 = Debug|Any CPU
		{E2341BD5-8CED-4238-BD36-75891B5E53D1}.Release|Any CPU.ActiveCfg = Release|Any CPU
		{E2341BD5-8CED-4238-BD36-75891B5E53D1}.Release|Any CPU.Build.0 = Release|Any CPU
		{46540C41-E063-435C-9B6F-C3035A430B09}.Debug|Any CPU.ActiveCfg = Debug|Any CPU
		{46540C41-E063-435C-9B6F-C3035A430B09}.Debug|Any CPU.Build.0 = Debug|Any CPU
		{46540C41-E063-435C-9B6F-C3035A430B09}.Release|Any CPU.ActiveCfg = Release|Any CPU
		{46540C41-E063-435C-9B6F-C3035A430B09}.Release|Any CPU.Build.0 = Release|Any CPU
		{4C12FBA2-CF56-4B63-BF82-A966E9B503B6}.Debug|Any CPU.ActiveCfg = Debug|Any CPU
		{4C12FBA2-CF56-4B63-BF82-A966E9B503B6}.Debug|Any CPU.Build.0 = Debug|Any CPU
		{4C12FBA2-CF56-4B63-BF82-A966E9B503B6}.Release|Any CPU.ActiveCfg = Release|Any CPU
		{4C12FBA2-CF56-4B63-BF82-A966E9B503B6}.Release|Any CPU.Build.0 = Release|Any CPU
		{E1DC4540-E98E-4CB0-93D1-F0FEDA83C11E}.Debug|Any CPU.ActiveCfg = Debug|Any CPU
		{E1DC4540-E98E-4CB0-93D1-F0FEDA83C11E}.Debug|Any CPU.Build.0 = Debug|Any CPU
		{E1DC4540-E98E-4CB0-93D1-F0FEDA83C11E}.Release|Any CPU.ActiveCfg = Release|Any CPU
		{E1DC4540-E98E-4CB0-93D1-F0FEDA83C11E}.Release|Any CPU.Build.0 = Release|Any CPU
		{C11554A3-316D-4F2F-8E88-D1E740A3341E}.Debug|Any CPU.ActiveCfg = Debug|Any CPU
		{C11554A3-316D-4F2F-8E88-D1E740A3341E}.Debug|Any CPU.Build.0 = Debug|Any CPU
		{C11554A3-316D-4F2F-8E88-D1E740A3341E}.Release|Any CPU.ActiveCfg = Release|Any CPU
		{C11554A3-316D-4F2F-8E88-D1E740A3341E}.Release|Any CPU.Build.0 = Release|Any CPU
		{6FFC2E45-F612-477A-8A0B-A38C9A66DBDC}.Debug|Any CPU.ActiveCfg = Debug|Any CPU
		{6FFC2E45-F612-477A-8A0B-A38C9A66DBDC}.Debug|Any CPU.Build.0 = Debug|Any CPU
		{6FFC2E45-F612-477A-8A0B-A38C9A66DBDC}.Release|Any CPU.ActiveCfg = Release|Any CPU
		{6FFC2E45-F612-477A-8A0B-A38C9A66DBDC}.Release|Any CPU.Build.0 = Release|Any CPU
	EndGlobalSection
	GlobalSection(SolutionProperties) = preSolution
		HideSolutionNode = FALSE
	EndGlobalSection
	GlobalSection(ExtensibilityGlobals) = postSolution
		SolutionGuid = {BDD509E6-9022-44E2-BE80-5F0065F352A9}
	EndGlobalSection
EndGlobal
