
Microsoft Visual Studio Solution File, Format Version 12.00
# Visual Studio Version 16
VisualStudioVersion = 16.0.32510.428
MinimumVisualStudioVersion = 10.0.40219.1
Project("{9A19103F-16F7-4668-BE54-9A1E7A4F7556}") = "UsandoBeecrowd", "UsandoBeecrowd.csproj", "{F7325813-890E-433C-980A-49751BB1C732}"
EndProject
Project("{9A19103F-16F7-4668-BE54-9A1E7A4F7556}") = "Exerc_1004", "..\Exerc_1004\Exerc_1004.csproj", "{224CF96C-FEF3-4CF8-907C-90BFA2E1DD7A}"
EndProject
Project("{9A19103F-16F7-4668-BE54-9A1E7A4F7556}") = "Exerc_1003", "Exerc_1003\Exerc_1003.csproj", "{BA6AF806-72BF-4E53-A855-9F2DE704DC80}"
EndProject
Project("{9A19103F-16F7-4668-BE54-9A1E7A4F7556}") = "Exerc_1002", "Exec_1002\Exerc_1002.csproj", "{35BE89F0-D1F0-4F3C-A98F-1B3E96A23DE6}"
EndProject
Project("{9A19103F-16F7-4668-BE54-9A1E7A4F7556}") = "Exerc_1001", "Exec_1001\Exerc_1001.csproj", "{2EBC1BF8-EBE4-434C-9017-505C79C66F08}"
EndProject
Project("{FAE04EC0-301F-11D3-BF4B-00C04F79EFBC}") = "Exerc_1005", "..\Exerc_1005\Exerc_1005.csproj", "{B659CF04-3D07-42EC-A205-56518164F372}"
EndProject
Project("{FAE04EC0-301F-11D3-BF4B-00C04F79EFBC}") = "Exerc_1006", "..\Exerc_1006\Exerc_1006.csproj", "{5020C4E2-F91B-4800-A95C-3AB0316ABE04}"
EndProject
Project("{FAE04EC0-301F-11D3-BF4B-00C04F79EFBC}") = "Exerc_1007", "..\Exerc_1007\Exerc_1007.csproj", "{B380045B-DCB3-4625-9976-98F961DEFE59}"
EndProject
Global
	GlobalSection(SolutionConfigurationPlatforms) = preSolution
		Debug|Any CPU = Debug|Any CPU
		Release|Any CPU = Release|Any CPU
	EndGlobalSection
	GlobalSection(ProjectConfigurationPlatforms) = postSolution
		{F7325813-890E-433C-980A-49751BB1C732}.Debug|Any CPU.ActiveCfg = Debug|Any CPU
		{F7325813-890E-433C-980A-49751BB1C732}.Debug|Any CPU.Build.0 = Debug|Any CPU
		{F7325813-890E-433C-980A-49751BB1C732}.Release|Any CPU.ActiveCfg = Release|Any CPU
		{F7325813-890E-433C-980A-49751BB1C732}.Release|Any CPU.Build.0 = Release|Any CPU
		{224CF96C-FEF3-4CF8-907C-90BFA2E1DD7A}.Debug|Any CPU.ActiveCfg = Debug|Any CPU
		{224CF96C-FEF3-4CF8-907C-90BFA2E1DD7A}.Debug|Any CPU.Build.0 = Debug|Any CPU
		{224CF96C-FEF3-4CF8-907C-90BFA2E1DD7A}.Release|Any CPU.ActiveCfg = Release|Any CPU
		{224CF96C-FEF3-4CF8-907C-90BFA2E1DD7A}.Release|Any CPU.Build.0 = Release|Any CPU
		{BA6AF806-72BF-4E53-A855-9F2DE704DC80}.Debug|Any CPU.ActiveCfg = Debug|Any CPU
		{BA6AF806-72BF-4E53-A855-9F2DE704DC80}.Debug|Any CPU.Build.0 = Debug|Any CPU
		{BA6AF806-72BF-4E53-A855-9F2DE704DC80}.Release|Any CPU.ActiveCfg = Release|Any CPU
		{BA6AF806-72BF-4E53-A855-9F2DE704DC80}.Release|Any CPU.Build.0 = Release|Any CPU
		{35BE89F0-D1F0-4F3C-A98F-1B3E96A23DE6}.Debug|Any CPU.ActiveCfg = Debug|Any CPU
		{35BE89F0-D1F0-4F3C-A98F-1B3E96A23DE6}.Debug|Any CPU.Build.0 = Debug|Any CPU
		{35BE89F0-D1F0-4F3C-A98F-1B3E96A23DE6}.Release|Any CPU.ActiveCfg = Release|Any CPU
		{35BE89F0-D1F0-4F3C-A98F-1B3E96A23DE6}.Release|Any CPU.Build.0 = Release|Any CPU
		{2EBC1BF8-EBE4-434C-9017-505C79C66F08}.Debug|Any CPU.ActiveCfg = Debug|Any CPU
		{2EBC1BF8-EBE4-434C-9017-505C79C66F08}.Debug|Any CPU.Build.0 = Debug|Any CPU
		{2EBC1BF8-EBE4-434C-9017-505C79C66F08}.Release|Any CPU.ActiveCfg = Release|Any CPU
		{2EBC1BF8-EBE4-434C-9017-505C79C66F08}.Release|Any CPU.Build.0 = Release|Any CPU
		{B659CF04-3D07-42EC-A205-56518164F372}.Debug|Any CPU.ActiveCfg = Debug|Any CPU
		{B659CF04-3D07-42EC-A205-56518164F372}.Debug|Any CPU.Build.0 = Debug|Any CPU
		{B659CF04-3D07-42EC-A205-56518164F372}.Release|Any CPU.ActiveCfg = Release|Any CPU
		{B659CF04-3D07-42EC-A205-56518164F372}.Release|Any CPU.Build.0 = Release|Any CPU
		{5020C4E2-F91B-4800-A95C-3AB0316ABE04}.Debug|Any CPU.ActiveCfg = Debug|Any CPU
		{5020C4E2-F91B-4800-A95C-3AB0316ABE04}.Debug|Any CPU.Build.0 = Debug|Any CPU
		{5020C4E2-F91B-4800-A95C-3AB0316ABE04}.Release|Any CPU.ActiveCfg = Release|Any CPU
		{5020C4E2-F91B-4800-A95C-3AB0316ABE04}.Release|Any CPU.Build.0 = Release|Any CPU
		{B380045B-DCB3-4625-9976-98F961DEFE59}.Debug|Any CPU.ActiveCfg = Debug|Any CPU
		{B380045B-DCB3-4625-9976-98F961DEFE59}.Debug|Any CPU.Build.0 = Debug|Any CPU
		{B380045B-DCB3-4625-9976-98F961DEFE59}.Release|Any CPU.ActiveCfg = Release|Any CPU
		{B380045B-DCB3-4625-9976-98F961DEFE59}.Release|Any CPU.Build.0 = Release|Any CPU
	EndGlobalSection
	GlobalSection(SolutionProperties) = preSolution
		HideSolutionNode = FALSE
	EndGlobalSection
	GlobalSection(ExtensibilityGlobals) = postSolution
		SolutionGuid = {BDD509E6-9022-44E2-BE80-5F0065F352A9}
	EndGlobalSection
EndGlobal
